
Microsoft Visual Studio Solution File, Format Version 12.00
# Visual Studio Version 17
VisualStudioVersion = 17.10.35013.160
MinimumVisualStudioVersion = 10.0.40219.1
Project("{8BC9CEB8-8B4A-11D0-8D11-00A0C91BC942}") = "DistanzaTraDuePunti", "DistanzaTraDuePunti.vcxproj", "{19CDB613-7F54-48E1-9826-02E10A3FC033}"
EndProject
Global
	GlobalSection(SolutionConfigurationPlatforms) = preSolution
		Debug|x64 = Debug|x64
		Debug|x86 = Debug|x86
		Release|x64 = Release|x64
		Release|x86 = Release|x86
	EndGlobalSection
	GlobalSection(ProjectConfigurationPlatforms) = postSolution
		{19CDB613-7F54-48E1-9826-02E10A3FC033}.Debug|x64.ActiveCfg = Debug|x64
		{19CDB613-7F54-48E1-9826-02E10A3FC033}.Debug|x64.Build.0 = Debug|x64
		{19CDB613-7F54-48E1-9826-02E10A3FC033}.Debug|x86.ActiveCfg = Debug|Win32
		{19CDB613-7F54-48E1-9826-02E10A3FC033}.Debug|x86.Build.0 = Debug|Win32
		{19CDB613-7F54-48E1-9826-02E10A3FC033}.Release|x64.ActiveCfg = Release|x64
		{19CDB613-7F54-48E1-9826-02E10A3FC033}.Release|x64.Build.0 = Release|x64
		{19CDB613-7F54-48E1-9826-02E10A3FC033}.Release|x86.ActiveCfg = Release|Win32
		{19CDB613-7F54-48E1-9826-02E10A3FC033}.Release|x86.Build.0 = Release|Win32
	EndGlobalSection
	GlobalSection(SolutionProperties) = preSolution
		HideSolutionNode = FALSE
	EndGlobalSection
	GlobalSection(ExtensibilityGlobals) = postSolution
		SolutionGuid = {795B4F98-4129-4C4C-A836-6D23331EA99E}
	EndGlobalSection
EndGlobal
