
Microsoft Visual Studio Solution File, Format Version 12.00
# Visual Studio Version 17
VisualStudioVersion = 17.10.35027.167
MinimumVisualStudioVersion = 10.0.40219.1
Project("{8BC9CEB8-8B4A-11D0-8D11-00A0C91BC942}") = "IndiciAzionariYahoo", "IndiciAzionariYahoo.vcxproj", "{DFF04772-1E5E-49E2-8879-D10A0DD037AC}"
EndProject
Global
	GlobalSection(SolutionConfigurationPlatforms) = preSolution
		Debug|x64 = Debug|x64
		Debug|x86 = Debug|x86
		Release|x64 = Release|x64
		Release|x86 = Release|x86
	EndGlobalSection
	GlobalSection(ProjectConfigurationPlatforms) = postSolution
		{DFF04772-1E5E-49E2-8879-D10A0DD037AC}.Debug|x64.ActiveCfg = Debug|x64
		{DFF04772-1E5E-49E2-8879-D10A0DD037AC}.Debug|x64.Build.0 = Debug|x64
		{DFF04772-1E5E-49E2-8879-D10A0DD037AC}.Debug|x86.ActiveCfg = Debug|Win32
		{DFF04772-1E5E-49E2-8879-D10A0DD037AC}.Debug|x86.Build.0 = Debug|Win32
		{DFF04772-1E5E-49E2-8879-D10A0DD037AC}.Release|x64.ActiveCfg = Release|x64
		{DFF04772-1E5E-49E2-8879-D10A0DD037AC}.Release|x64.Build.0 = Release|x64
		{DFF04772-1E5E-49E2-8879-D10A0DD037AC}.Release|x86.ActiveCfg = Release|Win32
		{DFF04772-1E5E-49E2-8879-D10A0DD037AC}.Release|x86.Build.0 = Release|Win32
	EndGlobalSection
	GlobalSection(SolutionProperties) = preSolution
		HideSolutionNode = FALSE
	EndGlobalSection
	GlobalSection(ExtensibilityGlobals) = postSolution
		SolutionGuid = {056191DF-D1D8-4FE9-B33E-C6D28D169204}
	EndGlobalSection
EndGlobal
