
Microsoft Visual Studio Solution File, Format Version 12.00
# Visual Studio Version 17
VisualStudioVersion = 17.9.34728.123
MinimumVisualStudioVersion = 10.0.40219.1
Project("{8BC9CEB8-8B4A-11D0-8D11-00A0C91BC942}") = "Conta_Parole", "Conta_Parole.vcxproj", "{0361F14B-77E7-418D-B8F0-863DFCF8BEEE}"
EndProject
Global
	GlobalSection(SolutionConfigurationPlatforms) = preSolution
		Debug|x64 = Debug|x64
		Debug|x86 = Debug|x86
		Release|x64 = Release|x64
		Release|x86 = Release|x86
	EndGlobalSection
	GlobalSection(ProjectConfigurationPlatforms) = postSolution
		{0361F14B-77E7-418D-B8F0-863DFCF8BEEE}.Debug|x64.ActiveCfg = Debug|x64
		{0361F14B-77E7-418D-B8F0-863DFCF8BEEE}.Debug|x64.Build.0 = Debug|x64
		{0361F14B-77E7-418D-B8F0-863DFCF8BEEE}.Debug|x86.ActiveCfg = Debug|Win32
		{0361F14B-77E7-418D-B8F0-863DFCF8BEEE}.Debug|x86.Build.0 = Debug|Win32
		{0361F14B-77E7-418D-B8F0-863DFCF8BEEE}.Release|x64.ActiveCfg = Release|x64
		{0361F14B-77E7-418D-B8F0-863DFCF8BEEE}.Release|x64.Build.0 = Release|x64
		{0361F14B-77E7-418D-B8F0-863DFCF8BEEE}.Release|x86.ActiveCfg = Release|Win32
		{0361F14B-77E7-418D-B8F0-863DFCF8BEEE}.Release|x86.Build.0 = Release|Win32
	EndGlobalSection
	GlobalSection(SolutionProperties) = preSolution
		HideSolutionNode = FALSE
	EndGlobalSection
	GlobalSection(ExtensibilityGlobals) = postSolution
		SolutionGuid = {B6AA88A7-179B-41DD-B8E0-78AF02C56DF5}
	EndGlobalSection
EndGlobal
