
Microsoft Visual Studio Solution File, Format Version 12.00
# Visual Studio Version 17
VisualStudioVersion = 17.10.34928.147
MinimumVisualStudioVersion = 10.0.40219.1
Project("{8BC9CEB8-8B4A-11D0-8D11-00A0C91BC942}") = "VolumeDellaSfera", "VolumeDellaSfera.vcxproj", "{FB652683-FC0C-4A37-88A4-16E2132C977A}"
EndProject
Global
	GlobalSection(SolutionConfigurationPlatforms) = preSolution
		Debug|x64 = Debug|x64
		Debug|x86 = Debug|x86
		Release|x64 = Release|x64
		Release|x86 = Release|x86
	EndGlobalSection
	GlobalSection(ProjectConfigurationPlatforms) = postSolution
		{FB652683-FC0C-4A37-88A4-16E2132C977A}.Debug|x64.ActiveCfg = Debug|x64
		{FB652683-FC0C-4A37-88A4-16E2132C977A}.Debug|x64.Build.0 = Debug|x64
		{FB652683-FC0C-4A37-88A4-16E2132C977A}.Debug|x86.ActiveCfg = Debug|Win32
		{FB652683-FC0C-4A37-88A4-16E2132C977A}.Debug|x86.Build.0 = Debug|Win32
		{FB652683-FC0C-4A37-88A4-16E2132C977A}.Release|x64.ActiveCfg = Release|x64
		{FB652683-FC0C-4A37-88A4-16E2132C977A}.Release|x64.Build.0 = Release|x64
		{FB652683-FC0C-4A37-88A4-16E2132C977A}.Release|x86.ActiveCfg = Release|Win32
		{FB652683-FC0C-4A37-88A4-16E2132C977A}.Release|x86.Build.0 = Release|Win32
	EndGlobalSection
	GlobalSection(SolutionProperties) = preSolution
		HideSolutionNode = FALSE
	EndGlobalSection
	GlobalSection(ExtensibilityGlobals) = postSolution
		SolutionGuid = {3D98A8B7-2EA0-4824-8982-BF4EE22F923D}
	EndGlobalSection
EndGlobal
