
Microsoft Visual Studio Solution File, Format Version 12.00
# Visual Studio Version 17
VisualStudioVersion = 17.9.34728.123
MinimumVisualStudioVersion = 10.0.40219.1
Project("{8BC9CEB8-8B4A-11D0-8D11-00A0C91BC942}") = "Hailstone", "Hailstone.vcxproj", "{D15C0AFF-5F5F-4819-85AA-5B2B12BA90E1}"
EndProject
Global
	GlobalSection(SolutionConfigurationPlatforms) = preSolution
		Debug|x64 = Debug|x64
		Debug|x86 = Debug|x86
		Release|x64 = Release|x64
		Release|x86 = Release|x86
	EndGlobalSection
	GlobalSection(ProjectConfigurationPlatforms) = postSolution
		{D15C0AFF-5F5F-4819-85AA-5B2B12BA90E1}.Debug|x64.ActiveCfg = Debug|x64
		{D15C0AFF-5F5F-4819-85AA-5B2B12BA90E1}.Debug|x64.Build.0 = Debug|x64
		{D15C0AFF-5F5F-4819-85AA-5B2B12BA90E1}.Debug|x86.ActiveCfg = Debug|Win32
		{D15C0AFF-5F5F-4819-85AA-5B2B12BA90E1}.Debug|x86.Build.0 = Debug|Win32
		{D15C0AFF-5F5F-4819-85AA-5B2B12BA90E1}.Release|x64.ActiveCfg = Release|x64
		{D15C0AFF-5F5F-4819-85AA-5B2B12BA90E1}.Release|x64.Build.0 = Release|x64
		{D15C0AFF-5F5F-4819-85AA-5B2B12BA90E1}.Release|x86.ActiveCfg = Release|Win32
		{D15C0AFF-5F5F-4819-85AA-5B2B12BA90E1}.Release|x86.Build.0 = Release|Win32
	EndGlobalSection
	GlobalSection(SolutionProperties) = preSolution
		HideSolutionNode = FALSE
	EndGlobalSection
	GlobalSection(ExtensibilityGlobals) = postSolution
		SolutionGuid = {57CD3B8D-5B3B-4399-9653-16EDBD97CE1B}
	EndGlobalSection
EndGlobal
